// !$*UTF8*$!
{
	archiveVersion = 1;
	classes = {
	};
	objectVersion = 48;
	objects = {

/* Begin PBXBuildFile section */
		A511FFA71F79F36A00367D46 /* AppDelegate.swift in Sources */ = {isa = PBXBuildFile; fileRef = A511FFA61F79F36A00367D46 /* AppDelegate.swift */; };
		A511FFA91F79F36A00367D46 /* ViewController.swift in Sources */ = {isa = PBXBuildFile; fileRef = A511FFA81F79F36A00367D46 /* ViewController.swift */; };
		A511FFAC1F79F36A00367D46 /* Main.storyboard in Resources */ = {isa = PBXBuildFile; fileRef = A511FFAA1F79F36A00367D46 /* Main.storyboard */; };
		A511FFAE1F79F36A00367D46 /* Assets.xcassets in Resources */ = {isa = PBXBuildFile; fileRef = A511FFAD1F79F36A00367D46 /* Assets.xcassets */; };
		A511FFB11F79F36A00367D46 /* LaunchScreen.storyboard in Resources */ = {isa = PBXBuildFile; fileRef = A511FFAF1F79F36A00367D46 /* LaunchScreen.storyboard */; };
		A511FFB91F79F6EC00367D46 /* TableViewController.swift in Sources */ = {isa = PBXBuildFile; fileRef = A511FFB81F79F6EC00367D46 /* TableViewController.swift */; };
/* End PBXBuildFile section */

/* Begin PBXFileReference section */
		A511FFA31F79F36A00367D46 /* GCDVC.app */ = {isa = PBXFileReference; explicitFileType = wrapper.application; includeInIndex = 0; path = GCDVC.app; sourceTree = BUILT_PRODUCTS_DIR; };
		A511FFA61F79F36A00367D46 /* AppDelegate.swift */ = {isa = PBXFileReference; lastKnownFileType = sourcecode.swift; path = AppDelegate.swift; sourceTree = "<group>"; };
		A511FFA81F79F36A00367D46 /* ViewController.swift */ = {isa = PBXFileReference; lastKnownFileType = sourcecode.swift; path = ViewController.swift; sourceTree = "<group>"; };
		A511FFAB1F79F36A00367D46 /* Base */ = {isa = PBXFileReference; lastKnownFileType = file.storyboard; name = Base; path = Base.lproj/Main.storyboard; sourceTree = "<group>"; };
		A511FFAD1F79F36A00367D46 /* Assets.xcassets */ = {isa = PBXFileReference; lastKnownFileType = folder.assetcatalog; path = Assets.xcassets; sourceTree = "<group>"; };
		A511FFB01F79F36A00367D46 /* Base */ = {isa = PBXFileReference; lastKnownFileType = file.storyboard; name = Base; path = Base.lproj/LaunchScreen.storyboard; sourceTree = "<group>"; };
		A511FFB21F79F36A00367D46 /* Info.plist */ = {isa = PBXFileReference; lastKnownFileType = text.plist.xml; path = Info.plist; sourceTree = "<group>"; };
		A511FFB81F79F6EC00367D46 /* TableViewController.swift */ = {isa = PBXFileReference; lastKnownFileType = sourcecode.swift; path = TableViewController.swift; sourceTree = "<group>"; };
/* End PBXFileReference section */

/* Begin PBXFrameworksBuildPhase section */
		A511FFA01F79F36A00367D46 /* Frameworks */ = {
			isa = PBXFrameworksBuildPhase;
			buildActionMask = 2147483647;
			files = (
			);
			runOnlyForDeploymentPostprocessing = 0;
		};
/* End PBXFrameworksBuildPhase section */

/* Begin PBXGroup section */
		A511FF9A1F79F36A00367D46 = {
			isa = PBXGroup;
			children = (
				A511FFA51F79F36A00367D46 /* GCDVC */,
				A511FFA41F79F36A00367D46 /* Products */,
			);
			sourceTree = "<group>";
		};
		A511FFA41F79F36A00367D46 /* Products */ = {
			isa = PBXGroup;
			children = (
				A511FFA31F79F36A00367D46 /* GCDVC.app */,
			);
			name = Products;
			sourceTree = "<group>";
		};
		A511FFA51F79F36A00367D46 /* GCDVC */ = {
			isa = PBXGroup;
			children = (
				A511FFA61F79F36A00367D46 /* AppDelegate.swift */,
				A511FFB81F79F6EC00367D46 /* TableViewController.swift */,
				A511FFA81F79F36A00367D46 /* ViewController.swift */,
				A511FFAA1F79F36A00367D46 /* Main.storyboard */,
				A511FFAD1F79F36A00367D46 /* Assets.xcassets */,
				A511FFAF1F79F36A00367D46 /* LaunchScreen.storyboard */,
				A511FFB21F79F36A00367D46 /* Info.plist */,
			);
			path = GCDVC;
			sourceTree = "<group>";
		};
/* End PBXGroup section */

/* Begin PBXNativeTarget section */
		A511FFA21F79F36A00367D46 /* GCDVC */ = {
			isa = PBXNativeTarget;
			buildConfigurationList = A511FFB51F79F36A00367D46 /* Build configuration list for PBXNativeTarget "GCDVC" */;
			buildPhases = (
				A511FF9F1F79F36A00367D46 /* Sources */,
				A511FFA01F79F36A00367D46 /* Frameworks */,
				A511FFA11F79F36A00367D46 /* Resources */,
			);
			buildRules = (
			);
			dependencies = (
			);
			name = GCDVC;
			productName = GCDVC;
			productReference = A511FFA31F79F36A00367D46 /* GCDVC.app */;
			productType = "com.apple.product-type.application";
		};
/* End PBXNativeTarget section */

/* Begin PBXProject section */
		A511FF9B1F79F36A00367D46 /* Project object */ = {
			isa = PBXProject;
			attributes = {
				LastSwiftUpdateCheck = 0900;
				LastUpgradeCheck = 0900;
				ORGANIZATIONNAME = "Masher Shin";
				TargetAttributes = {
					A511FFA21F79F36A00367D46 = {
						CreatedOnToolsVersion = 9.0;
						ProvisioningStyle = Automatic;
					};
				};
			};
			buildConfigurationList = A511FF9E1F79F36A00367D46 /* Build configuration list for PBXProject "GCDVC" */;
			compatibilityVersion = "Xcode 8.0";
			developmentRegion = en;
			hasScannedForEncodings = 0;
			knownRegions = (
				en,
				Base,
			);
			mainGroup = A511FF9A1F79F36A00367D46;
			productRefGroup = A511FFA41F79F36A00367D46 /* Products */;
			projectDirPath = "";
			projectRoot = "";
			targets = (
				A511FFA21F79F36A00367D46 /* GCDVC */,
			);
		};
/* End PBXProject section */

/* Begin PBXResourcesBuildPhase section */
		A511FFA11F79F36A00367D46 /* Resources */ = {
			isa = PBXResourcesBuildPhase;
			buildActionMask = 2147483647;
			files = (
				A511FFB11F79F36A00367D46 /* LaunchScreen.storyboard in Resources */,
				A511FFAE1F79F36A00367D46 /* Assets.xcassets in Resources */,
				A511FFAC1F79F36A00367D46 /* Main.storyboard in Resources */,
			);
			runOnlyForDeploymentPostprocessing = 0;
		};
/* End PBXResourcesBuildPhase section */

/* Begin PBXSourcesBuildPhase section */
		A511FF9F1F79F36A00367D46 /* Sources */ = {
			isa = PBXSourcesBuildPhase;
			buildActionMask = 2147483647;
			files = (
				A511FFA91F79F36A00367D46 /* ViewController.swift in Sources */,
				A511FFB91F79F6EC00367D46 /* TableViewController.swift in Sources */,
				A511FFA71F79F36A00367D46 /* AppDelegate.swift in Sources */,
			);
			runOnlyForDeploymentPostprocessing = 0;
		};
/* End PBXSourcesBuildPhase section */

/* Begin PBXVariantGroup section */
		A511FFAA1F79F36A00367D46 /* Main.storyboard */ = {
			isa = PBXVariantGroup;
			children = (
				A511FFAB1F79F36A00367D46 /* Base */,
			);
			name = Main.storyboard;
			sourceTree = "<group>";
		};
		A511FFAF1F79F36A00367D46 /* LaunchScreen.storyboard */ = {
			isa = PBXVariantGroup;
			children = (
				A511FFB01F79F36A00367D46 /* Base */,
			);
			name = LaunchScreen.storyboard;
			sourceTree = "<group>";
		};
/* End PBXVariantGroup section */

/* Begin XCBuildConfiguration section */
		A511FFB31F79F36A00367D46 /* Debug */ = {
			isa = XCBuildConfiguration;
			buildSettings = {
				ALWAYS_SEARCH_USER_PATHS = NO;
				CLANG_ANALYZER_NONNULL = YES;
				CLANG_ANALYZER_NUMBER_OBJECT_CONVERSION = YES_AGGRESSIVE;
				CLANG_CXX_LANGUAGE_STANDARD = "gnu++14";
				CLANG_CXX_LIBRARY = "libc++";
				CLANG_ENABLE_MODULES = YES;
				CLANG_ENABLE_OBJC_ARC = YES;
				CLANG_WARN_BLOCK_CAPTURE_AUTORELEASING = YES;
				CLANG_WARN_BOOL_CONVERSION = YES;
				CLANG_WARN_COMMA = YES;
				CLANG_WARN_CONSTANT_CONVERSION = YES;
				CLANG_WARN_DIRECT_OBJC_ISA_USAGE = YES_ERROR;
				CLANG_WARN_DOCUMENTATION_COMMENTS = YES;
				CLANG_WARN_EMPTY_BODY = YES;
				CLANG_WARN_ENUM_CONVERSION = YES;
				CLANG_WARN_INFINITE_RECURSION = YES;
				CLANG_WARN_INT_CONVERSION = YES;
				CLANG_WARN_NON_LITERAL_NULL_CONVERSION = YES;
				CLANG_WARN_OBJC_LITERAL_CONVERSION = YES;
				CLANG_WARN_OBJC_ROOT_CLASS = YES_ERROR;
				CLANG_WARN_RANGE_LOOP_ANALYSIS = YES;
				CLANG_WARN_STRICT_PROTOTYPES = YES;
				CLANG_WARN_SUSPICIOUS_MOVE = YES;
				CLANG_WARN_UNGUARDED_AVAILABILITY = YES_AGGRESSIVE;
				CLANG_WARN_UNREACHABLE_CODE = YES;
				CLANG_WARN__DUPLICATE_METHOD_MATCH = YES;
				CODE_SIGN_IDENTITY = "iPhone Developer";
				COPY_PHASE_STRIP = NO;
				DEBUG_INFORMATION_FORMAT = dwarf;
				ENABLE_STRICT_OBJC_MSGSEND = YES;
				ENABLE_TESTABILITY = YES;
				GCC_C_LANGUAGE_STANDARD = gnu11;
				GCC_DYNAMIC_NO_PIC = NO;
				GCC_NO_COMMON_BLOCKS = YES;
				GCC_OPTIMIZATION_LEVEL = 0;
				GCC_PREPROCESSOR_DEFINITIONS = (
					"DEBUG=1",
					"$(inherited)",
				);
				GCC_WARN_64_TO_32_BIT_CONVERSION = YES;
				GCC_WARN_ABOUT_RETURN_TYPE = YES_ERROR;
				GCC_WARN_UNDECLARED_SELECTOR = YES;
				GCC_WARN_UNINITIALIZED_AUTOS = YES_AGGRESSIVE;
				GCC_WARN_UNUSED_FUNCTION = YES;
				GCC_WARN_UNUSED_VARIABLE = YES;
				IPHONEOS_DEPLOYMENT_TARGET = 11.0;
				MTL_ENABLE_DEBUG_INFO = YES;
				ONLY_ACTIVE_ARCH = YES;
				SDKROOT = iphoneos;
				SWIFT_ACTIVE_COMPILATION_CONDITIONS = DEBUG;
				SWIFT_OPTIMIZATION_LEVEL = "-Onone";
			};
			name = Debug;
		};
		A511FFB41F79F36A00367D46 /* Release */ = {
			isa = XCBuildConfiguration;
			buildSettings = {
				ALWAYS_SEARCH_USER_PATHS = NO;
				CLANG_ANALYZER_NONNULL = YES;
				CLANG_ANALYZER_NUMBER_OBJECT_CONVERSION = YES_AGGRESSIVE;
				CLANG_CXX_LANGUAGE_STANDARD = "gnu++14";
				CLANG_CXX_LIBRARY = "libc++";
				CLANG_ENABLE_MODULES = YES;
				CLANG_ENABLE_OBJC_ARC = YES;
				CLANG_WARN_BLOCK_CAPTURE_AUTORELEASING = YES;
				CLANG_WARN_BOOL_CONVERSION = YES;
				CLANG_WARN_COMMA = YES;
				CLANG_WARN_CONSTANT_CONVERSION = YES;
				CLANG_WARN_DIRECT_OBJC_ISA_USAGE = YES_ERROR;
				CLANG_WARN_DOCUMENTATION_COMMENTS = YES;
				CLANG_WARN_EMPTY_BODY = YES;
				CLANG_WARN_ENUM_CONVERSION = YES;
				CLANG_WARN_INFINITE_RECURSION = YES;
				CLANG_WARN_INT_CONVERSION = YES;
				CLANG_WARN_NON_LITERAL_NULL_CONVERSION = YES;
				CLANG_WARN_OBJC_LITERAL_CONVERSION = YES;
				CLANG_WARN_OBJC_ROOT_CLASS = YES_ERROR;
				CLANG_WARN_RANGE_LOOP_ANALYSIS = YES;
				CLANG_WARN_STRICT_PROTOTYPES = YES;
				CLANG_WARN_SUSPICIOUS_MOVE = YES;
				CLANG_WARN_UNGUARDED_AVAILABILITY = YES_AGGRESSIVE;
				CLANG_WARN_UNREACHABLE_CODE = YES;
				CLANG_WARN__DUPLICATE_METHOD_MATCH = YES;
				CODE_SIGN_IDENTITY = "iPhone Developer";
				COPY_PHASE_STRIP = NO;
				DEBUG_INFORMATION_FORMAT = "dwarf-with-dsym";
				ENABLE_NS_ASSERTIONS = NO;
				ENABLE_STRICT_OBJC_MSGSEND = YES;
				GCC_C_LANGUAGE_STANDARD = gnu11;
				GCC_NO_COMMON_BLOCKS = YES;
				GCC_WARN_64_TO_32_BIT_CONVERSION = YES;
				GCC_WARN_ABOUT_RETURN_TYPE = YES_ERROR;
				GCC_WARN_UNDECLARED_SELECTOR = YES;
				GCC_WARN_UNINITIALIZED_AUTOS = YES_AGGRESSIVE;
				GCC_WARN_UNUSED_FUNCTION = YES;
				GCC_WARN_UNUSED_VARIABLE = YES;
				IPHONEOS_DEPLOYMENT_TARGET = 11.0;
				MTL_ENABLE_DEBUG_INFO = NO;
				SDKROOT = iphoneos;
				SWIFT_OPTIMIZATION_LEVEL = "-Owholemodule";
				VALIDATE_PRODUCT = YES;
			};
			name = Release;
		};
		A511FFB61F79F36A00367D46 /* Debug */ = {
			isa = XCBuildConfiguration;
			buildSettings = {
				ASSETCATALOG_COMPILER_APPICON_NAME = AppIcon;
				CODE_SIGN_STYLE = Automatic;
				INFOPLIST_FILE = GCDVC/Info.plist;
				LD_RUNPATH_SEARCH_PATHS = "$(inherited) @executable_path/Frameworks";
				PRODUCT_BUNDLE_IDENTIFIER = com.GCDVC;
				PRODUCT_NAME = "$(TARGET_NAME)";
				SWIFT_VERSION = 4.0;
				TARGETED_DEVICE_FAMILY = "1,2";
			};
			name = Debug;
		};
		A511FFB71F79F36A00367D46 /* Release */ = {
			isa = XCBuildConfiguration;
			buildSettings = {
				ASSETCATALOG_COMPILER_APPICON_NAME = AppIcon;
				CODE_SIGN_STYLE = Automatic;
				INFOPLIST_FILE = GCDVC/Info.plist;
				LD_RUNPATH_SEARCH_PATHS = "$(inherited) @executable_path/Frameworks";
				PRODUCT_BUNDLE_IDENTIFIER = com.GCDVC;
				PRODUCT_NAME = "$(TARGET_NAME)";
				SWIFT_VERSION = 4.0;
				TARGETED_DEVICE_FAMILY = "1,2";
			};
			name = Release;
		};
/* End XCBuildConfiguration section */

/* Begin XCConfigurationList section */
		A511FF9E1F79F36A00367D46 /* Build configuration list for PBXProject "GCDVC" */ = {
			isa = XCConfigurationList;
			buildConfigurations = (
				A511FFB31F79F36A00367D46 /* Debug */,
				A511FFB41F79F36A00367D46 /* Release */,
			);
			defaultConfigurationIsVisible = 0;
			defaultConfigurationName = Release;
		};
		A511FFB51F79F36A00367D46 /* Build configuration list for PBXNativeTarget "GCDVC" */ = {
			isa = XCConfigurationList;
			buildConfigurations = (
				A511FFB61F79F36A00367D46 /* Debug */,
				A511FFB71F79F36A00367D46 /* Release */,
			);
			defaultConfigurationIsVisible = 0;
			defaultConfigurationName = Release;
		};
/* End XCConfigurationList section */
	};
	rootObject = A511FF9B1F79F36A00367D46 /* Project object */;
}
